// !$*UTF8*$!
{
	archiveVersion = 1;
	classes = {
	};
	objectVersion = 50;
	objects = {

/* Begin PBXBuildFile section */
		4C503D942BA04C7000C3BA4D /* AppDelegate.swift in Sources */ = {isa = PBXBuildFile; fileRef = 4C503D932BA04C7000C3BA4D /* AppDelegate.swift */; };
		4C503D962BA04C7000C3BA4D /* SceneDelegate.swift in Sources */ = {isa = PBXBuildFile; fileRef = 4C503D952BA04C7000C3BA4D /* SceneDelegate.swift */; };
		4C503D982BA04C7000C3BA4D /* ViewController.swift in Sources */ = {isa = PBXBuildFile; fileRef = 4C503D972BA04C7000C3BA4D /* ViewController.swift */; };
		4C503D9B2BA04C7000C3BA4D /* Main.storyboard in Resources */ = {isa = PBXBuildFile; fileRef = 4C503D992BA04C7000C3BA4D /* Main.storyboard */; };
		4C503D9E2BA04C7000C3BA4D /* crud.xcdatamodeld in Sources */ = {isa = PBXBuildFile; fileRef = 4C503D9C2BA04C7000C3BA4D /* crud.xcdatamodeld */; };
		4C503DA02BA04C8500C3BA4D /* Assets.xcassets in Resources */ = {isa = PBXBuildFile; fileRef = 4C503D9F2BA04C8500C3BA4D /* Assets.xcassets */; };
		4C503DA32BA04C8500C3BA4D /* LaunchScreen.storyboard in Resources */ = {isa = PBXBuildFile; fileRef = 4C503DA12BA04C8500C3BA4D /* LaunchScreen.storyboard */; };
		4C503DAD2BA0505D00C3BA4D /* AddStudentViewController.swift in Sources */ = {isa = PBXBuildFile; fileRef = 4C503DAC2BA0505D00C3BA4D /* AddStudentViewController.swift */; };
		4C503DB12BA054FE00C3BA4D /* Student+CoreDataClass.swift in Sources */ = {isa = PBXBuildFile; fileRef = 4C503DAF2BA054FE00C3BA4D /* Student+CoreDataClass.swift */; };
		4C503DB22BA054FE00C3BA4D /* Student+CoreDataProperties.swift in Sources */ = {isa = PBXBuildFile; fileRef = 4C503DB02BA054FE00C3BA4D /* Student+CoreDataProperties.swift */; };
		4C503DB92BA0603900C3BA4D /* DBManager.swift in Sources */ = {isa = PBXBuildFile; fileRef = 4C503DB82BA0603900C3BA4D /* DBManager.swift */; };
/* End PBXBuildFile section */

/* Begin PBXFileReference section */
		4C503D902BA04C7000C3BA4D /* crud.app */ = {isa = PBXFileReference; explicitFileType = wrapper.application; includeInIndex = 0; path = crud.app; sourceTree = BUILT_PRODUCTS_DIR; };
		4C503D932BA04C7000C3BA4D /* AppDelegate.swift */ = {isa = PBXFileReference; lastKnownFileType = sourcecode.swift; path = AppDelegate.swift; sourceTree = "<group>"; };
		4C503D952BA04C7000C3BA4D /* SceneDelegate.swift */ = {isa = PBXFileReference; lastKnownFileType = sourcecode.swift; path = SceneDelegate.swift; sourceTree = "<group>"; };
		4C503D972BA04C7000C3BA4D /* ViewController.swift */ = {isa = PBXFileReference; lastKnownFileType = sourcecode.swift; path = ViewController.swift; sourceTree = "<group>"; };
		4C503D9A2BA04C7000C3BA4D /* Base */ = {isa = PBXFileReference; lastKnownFileType = file.storyboard; name = Base; path = Base.lproj/Main.storyboard; sourceTree = "<group>"; };
		4C503D9D2BA04C7000C3BA4D /* crud.xcdatamodel */ = {isa = PBXFileReference; lastKnownFileType = wrapper.xcdatamodel; path = crud.xcdatamodel; sourceTree = "<group>"; };
		4C503D9F2BA04C8500C3BA4D /* Assets.xcassets */ = {isa = PBXFileReference; lastKnownFileType = folder.assetcatalog; path = Assets.xcassets; sourceTree = "<group>"; };
		4C503DA22BA04C8500C3BA4D /* Base */ = {isa = PBXFileReference; lastKnownFileType = file.storyboard; name = Base; path = Base.lproj/LaunchScreen.storyboard; sourceTree = "<group>"; };
		4C503DA42BA04C8500C3BA4D /* Info.plist */ = {isa = PBXFileReference; lastKnownFileType = text.plist.xml; path = Info.plist; sourceTree = "<group>"; };
		4C503DAC2BA0505D00C3BA4D /* AddStudentViewController.swift */ = {isa = PBXFileReference; lastKnownFileType = sourcecode.swift; path = AddStudentViewController.swift; sourceTree = "<group>"; };
		4C503DAF2BA054FE00C3BA4D /* Student+CoreDataClass.swift */ = {isa = PBXFileReference; lastKnownFileType = sourcecode.swift; path = "Student+CoreDataClass.swift"; sourceTree = SOURCE_ROOT; };
		4C503DB02BA054FE00C3BA4D /* Student+CoreDataProperties.swift */ = {isa = PBXFileReference; lastKnownFileType = sourcecode.swift; path = "Student+CoreDataProperties.swift"; sourceTree = SOURCE_ROOT; };
		4C503DB82BA0603900C3BA4D /* DBManager.swift */ = {isa = PBXFileReference; lastKnownFileType = sourcecode.swift; path = DBManager.swift; sourceTree = "<group>"; };
/* End PBXFileReference section */

/* Begin PBXFrameworksBuildPhase section */
		4C503D8D2BA04C7000C3BA4D /* Frameworks */ = {
			isa = PBXFrameworksBuildPhase;
			buildActionMask = 2147483647;
			files = (
			);
			runOnlyForDeploymentPostprocessing = 0;
		};
/* End PBXFrameworksBuildPhase section */

/* Begin PBXGroup section */
		4C503D872BA04C7000C3BA4D = {
			isa = PBXGroup;
			children = (
				4C503D922BA04C7000C3BA4D /* crud */,
				4C503D912BA04C7000C3BA4D /* Products */,
			);
			sourceTree = "<group>";
		};
		4C503D912BA04C7000C3BA4D /* Products */ = {
			isa = PBXGroup;
			children = (
				4C503D902BA04C7000C3BA4D /* crud.app */,
			);
			name = Products;
			sourceTree = "<group>";
		};
		4C503D922BA04C7000C3BA4D /* crud */ = {
			isa = PBXGroup;
			children = (
				4C503DAF2BA054FE00C3BA4D /* Student+CoreDataClass.swift */,
				4C503DB02BA054FE00C3BA4D /* Student+CoreDataProperties.swift */,
				4C503D932BA04C7000C3BA4D /* AppDelegate.swift */,
				4C503D952BA04C7000C3BA4D /* SceneDelegate.swift */,
				4C503D972BA04C7000C3BA4D /* ViewController.swift */,
				4C503D992BA04C7000C3BA4D /* Main.storyboard */,
				4C503D9F2BA04C8500C3BA4D /* Assets.xcassets */,
				4C503DA12BA04C8500C3BA4D /* LaunchScreen.storyboard */,
				4C503DA42BA04C8500C3BA4D /* Info.plist */,
				4C503D9C2BA04C7000C3BA4D /* crud.xcdatamodeld */,
				4C503DAC2BA0505D00C3BA4D /* AddStudentViewController.swift */,
				4C503DB82BA0603900C3BA4D /* DBManager.swift */,
			);
			path = crud;
			sourceTree = "<group>";
		};
/* End PBXGroup section */

/* Begin PBXNativeTarget section */
		4C503D8F2BA04C7000C3BA4D /* crud */ = {
			isa = PBXNativeTarget;
			buildConfigurationList = 4C503DA72BA04C8500C3BA4D /* Build configuration list for PBXNativeTarget "crud" */;
			buildPhases = (
				4C503D8C2BA04C7000C3BA4D /* Sources */,
				4C503D8D2BA04C7000C3BA4D /* Frameworks */,
				4C503D8E2BA04C7000C3BA4D /* Resources */,
			);
			buildRules = (
			);
			dependencies = (
			);
			name = crud;
			productName = crud;
			productReference = 4C503D902BA04C7000C3BA4D /* crud.app */;
			productType = "com.apple.product-type.application";
		};
/* End PBXNativeTarget section */

/* Begin PBXProject section */
		4C503D882BA04C7000C3BA4D /* Project object */ = {
			isa = PBXProject;
			attributes = {
				LastSwiftUpdateCheck = 1240;
				LastUpgradeCheck = 1240;
				TargetAttributes = {
					4C503D8F2BA04C7000C3BA4D = {
						CreatedOnToolsVersion = 12.4;
					};
				};
			};
			buildConfigurationList = 4C503D8B2BA04C7000C3BA4D /* Build configuration list for PBXProject "crud" */;
			compatibilityVersion = "Xcode 9.3";
			developmentRegion = en;
			hasScannedForEncodings = 0;
			knownRegions = (
				en,
				Base,
			);
			mainGroup = 4C503D872BA04C7000C3BA4D;
			productRefGroup = 4C503D912BA04C7000C3BA4D /* Products */;
			projectDirPath = "";
			projectRoot = "";
			targets = (
				4C503D8F2BA04C7000C3BA4D /* crud */,
			);
		};
/* End PBXProject section */

/* Begin PBXResourcesBuildPhase section */
		4C503D8E2BA04C7000C3BA4D /* Resources */ = {
			isa = PBXResourcesBuildPhase;
			buildActionMask = 2147483647;
			files = (
				4C503DA32BA04C8500C3BA4D /* LaunchScreen.storyboard in Resources */,
				4C503DA02BA04C8500C3BA4D /* Assets.xcassets in Resources */,
				4C503D9B2BA04C7000C3BA4D /* Main.storyboard in Resources */,
			);
			runOnlyForDeploymentPostprocessing = 0;
		};
/* End PBXResourcesBuildPhase section */

/* Begin PBXSourcesBuildPhase section */
		4C503D8C2BA04C7000C3BA4D /* Sources */ = {
			isa = PBXSourcesBuildPhase;
			buildActionMask = 2147483647;
			files = (
				4C503D982BA04C7000C3BA4D /* ViewController.swift in Sources */,
				4C503DB12BA054FE00C3BA4D /* Student+CoreDataClass.swift in Sources */,
				4C503DAD2BA0505D00C3BA4D /* AddStudentViewController.swift in Sources */,
				4C503DB92BA0603900C3BA4D /* DBManager.swift in Sources */,
				4C503D942BA04C7000C3BA4D /* AppDelegate.swift in Sources */,
				4C503D962BA04C7000C3BA4D /* SceneDelegate.swift in Sources */,
				4C503D9E2BA04C7000C3BA4D /* crud.xcdatamodeld in Sources */,
				4C503DB22BA054FE00C3BA4D /* Student+CoreDataProperties.swift in Sources */,
			);
			runOnlyForDeploymentPostprocessing = 0;
		};
/* End PBXSourcesBuildPhase section */

/* Begin PBXVariantGroup section */
		4C503D992BA04C7000C3BA4D /* Main.storyboard */ = {
			isa = PBXVariantGroup;
			children = (
				4C503D9A2BA04C7000C3BA4D /* Base */,
			);
			name = Main.storyboard;
			sourceTree = "<group>";
		};
		4C503DA12BA04C8500C3BA4D /* LaunchScreen.storyboard */ = {
			isa = PBXVariantGroup;
			children = (
				4C503DA22BA04C8500C3BA4D /* Base */,
			);
			name = LaunchScreen.storyboard;
			sourceTree = "<group>";
		};
/* End PBXVariantGroup section */

/* Begin XCBuildConfiguration section */
		4C503DA52BA04C8500C3BA4D /* Debug */ = {
			isa = XCBuildConfiguration;
			buildSettings = {
				ALWAYS_SEARCH_USER_PATHS = NO;
				CLANG_ANALYZER_NONNULL = YES;
				CLANG_ANALYZER_NUMBER_OBJECT_CONVERSION = YES_AGGRESSIVE;
				CLANG_CXX_LANGUAGE_STANDARD = "gnu++14";
				CLANG_CXX_LIBRARY = "libc++";
				CLANG_ENABLE_MODULES = YES;
				CLANG_ENABLE_OBJC_ARC = YES;
				CLANG_ENABLE_OBJC_WEAK = YES;
				CLANG_WARN_BLOCK_CAPTURE_AUTORELEASING = YES;
				CLANG_WARN_BOOL_CONVERSION = YES;
				CLANG_WARN_COMMA = YES;
				CLANG_WARN_CONSTANT_CONVERSION = YES;
				CLANG_WARN_DEPRECATED_OBJC_IMPLEMENTATIONS = YES;
				CLANG_WARN_DIRECT_OBJC_ISA_USAGE = YES_ERROR;
				CLANG_WARN_DOCUMENTATION_COMMENTS = YES;
				CLANG_WARN_EMPTY_BODY = YES;
				CLANG_WARN_ENUM_CONVERSION = YES;
				CLANG_WARN_INFINITE_RECURSION = YES;
				CLANG_WARN_INT_CONVERSION = YES;
				CLANG_WARN_NON_LITERAL_NULL_CONVERSION = YES;
				CLANG_WARN_OBJC_IMPLICIT_RETAIN_SELF = YES;
				CLANG_WARN_OBJC_LITERAL_CONVERSION = YES;
				CLANG_WARN_OBJC_ROOT_CLASS = YES_ERROR;
				CLANG_WARN_QUOTED_INCLUDE_IN_FRAMEWORK_HEADER = YES;
				CLANG_WARN_RANGE_LOOP_ANALYSIS = YES;
				CLANG_WARN_STRICT_PROTOTYPES = YES;
				CLANG_WARN_SUSPICIOUS_MOVE = YES;
				CLANG_WARN_UNGUARDED_AVAILABILITY = YES_AGGRESSIVE;
				CLANG_WARN_UNREACHABLE_CODE = YES;
				CLANG_WARN__DUPLICATE_METHOD_MATCH = YES;
				COPY_PHASE_STRIP = NO;
				DEBUG_INFORMATION_FORMAT = dwarf;
				ENABLE_STRICT_OBJC_MSGSEND = YES;
				ENABLE_TESTABILITY = YES;
				GCC_C_LANGUAGE_STANDARD = gnu11;
				GCC_DYNAMIC_NO_PIC = NO;
				GCC_NO_COMMON_BLOCKS = YES;
				GCC_OPTIMIZATION_LEVEL = 0;
				GCC_PREPROCESSOR_DEFINITIONS = (
					"DEBUG=1",
					"$(inherited)",
				);
				GCC_WARN_64_TO_32_BIT_CONVERSION = YES;
				GCC_WARN_ABOUT_RETURN_TYPE = YES_ERROR;
				GCC_WARN_UNDECLARED_SELECTOR = YES;
				GCC_WARN_UNINITIALIZED_AUTOS = YES_AGGRESSIVE;
				GCC_WARN_UNUSED_FUNCTION = YES;
				GCC_WARN_UNUSED_VARIABLE = YES;
				IPHONEOS_DEPLOYMENT_TARGET = 14.4;
				MTL_ENABLE_DEBUG_INFO = INCLUDE_SOURCE;
				MTL_FAST_MATH = YES;
				ONLY_ACTIVE_ARCH = YES;
				SDKROOT = iphoneos;
				SWIFT_ACTIVE_COMPILATION_CONDITIONS = DEBUG;
				SWIFT_OPTIMIZATION_LEVEL = "-Onone";
			};
			name = Debug;
		};
		4C503DA62BA04C8500C3BA4D /* Release */ = {
			isa = XCBuildConfiguration;
			buildSettings = {
				ALWAYS_SEARCH_USER_PATHS = NO;
				CLANG_ANALYZER_NONNULL = YES;
				CLANG_ANALYZER_NUMBER_OBJECT_CONVERSION = YES_AGGRESSIVE;
				CLANG_CXX_LANGUAGE_STANDARD = "gnu++14";
				CLANG_CXX_LIBRARY = "libc++";
				CLANG_ENABLE_MODULES = YES;
				CLANG_ENABLE_OBJC_ARC = YES;
				CLANG_ENABLE_OBJC_WEAK = YES;
				CLANG_WARN_BLOCK_CAPTURE_AUTORELEASING = YES;
				CLANG_WARN_BOOL_CONVERSION = YES;
				CLANG_WARN_COMMA = YES;
				CLANG_WARN_CONSTANT_CONVERSION = YES;
				CLANG_WARN_DEPRECATED_OBJC_IMPLEMENTATIONS = YES;
				CLANG_WARN_DIRECT_OBJC_ISA_USAGE = YES_ERROR;
				CLANG_WARN_DOCUMENTATION_COMMENTS = YES;
				CLANG_WARN_EMPTY_BODY = YES;
				CLANG_WARN_ENUM_CONVERSION = YES;
				CLANG_WARN_INFINITE_RECURSION = YES;
				CLANG_WARN_INT_CONVERSION = YES;
				CLANG_WARN_NON_LITERAL_NULL_CONVERSION = YES;
				CLANG_WARN_OBJC_IMPLICIT_RETAIN_SELF = YES;
				CLANG_WARN_OBJC_LITERAL_CONVERSION = YES;
				CLANG_WARN_OBJC_ROOT_CLASS = YES_ERROR;
				CLANG_WARN_QUOTED_INCLUDE_IN_FRAMEWORK_HEADER = YES;
				CLANG_WARN_RANGE_LOOP_ANALYSIS = YES;
				CLANG_WARN_STRICT_PROTOTYPES = YES;
				CLANG_WARN_SUSPICIOUS_MOVE = YES;
				CLANG_WARN_UNGUARDED_AVAILABILITY = YES_AGGRESSIVE;
				CLANG_WARN_UNREACHABLE_CODE = YES;
				CLANG_WARN__DUPLICATE_METHOD_MATCH = YES;
				COPY_PHASE_STRIP = NO;
				DEBUG_INFORMATION_FORMAT = "dwarf-with-dsym";
				ENABLE_NS_ASSERTIONS = NO;
				ENABLE_STRICT_OBJC_MSGSEND = YES;
				GCC_C_LANGUAGE_STANDARD = gnu11;
				GCC_NO_COMMON_BLOCKS = YES;
				GCC_WARN_64_TO_32_BIT_CONVERSION = YES;
				GCC_WARN_ABOUT_RETURN_TYPE = YES_ERROR;
				GCC_WARN_UNDECLARED_SELECTOR = YES;
				GCC_WARN_UNINITIALIZED_AUTOS = YES_AGGRESSIVE;
				GCC_WARN_UNUSED_FUNCTION = YES;
				GCC_WARN_UNUSED_VARIABLE = YES;
				IPHONEOS_DEPLOYMENT_TARGET = 14.4;
				MTL_ENABLE_DEBUG_INFO = NO;
				MTL_FAST_MATH = YES;
				SDKROOT = iphoneos;
				SWIFT_COMPILATION_MODE = wholemodule;
				SWIFT_OPTIMIZATION_LEVEL = "-O";
				VALIDATE_PRODUCT = YES;
			};
			name = Release;
		};
		4C503DA82BA04C8500C3BA4D /* Debug */ = {
			isa = XCBuildConfiguration;
			buildSettings = {
				ASSETCATALOG_COMPILER_APPICON_NAME = AppIcon;
				ASSETCATALOG_COMPILER_GLOBAL_ACCENT_COLOR_NAME = AccentColor;
				CODE_SIGN_STYLE = Automatic;
				INFOPLIST_FILE = crud/Info.plist;
				LD_RUNPATH_SEARCH_PATHS = (
					"$(inherited)",
					"@executable_path/Frameworks",
				);
				PRODUCT_BUNDLE_IDENTIFIER = vikram.crud;
				PRODUCT_NAME = "$(TARGET_NAME)";
				SWIFT_VERSION = 5.0;
				TARGETED_DEVICE_FAMILY = 1;
			};
			name = Debug;
		};
		4C503DA92BA04C8500C3BA4D /* Release */ = {
			isa = XCBuildConfiguration;
			buildSettings = {
				ASSETCATALOG_COMPILER_APPICON_NAME = AppIcon;
				ASSETCATALOG_COMPILER_GLOBAL_ACCENT_COLOR_NAME = AccentColor;
				CODE_SIGN_STYLE = Automatic;
				INFOPLIST_FILE = crud/Info.plist;
				LD_RUNPATH_SEARCH_PATHS = (
					"$(inherited)",
					"@executable_path/Frameworks",
				);
				PRODUCT_BUNDLE_IDENTIFIER = vikram.crud;
				PRODUCT_NAME = "$(TARGET_NAME)";
				SWIFT_VERSION = 5.0;
				TARGETED_DEVICE_FAMILY = 1;
			};
			name = Release;
		};
/* End XCBuildConfiguration section */

/* Begin XCConfigurationList section */
		4C503D8B2BA04C7000C3BA4D /* Build configuration list for PBXProject "crud" */ = {
			isa = XCConfigurationList;
			buildConfigurations = (
				4C503DA52BA04C8500C3BA4D /* Debug */,
				4C503DA62BA04C8500C3BA4D /* Release */,
			);
			defaultConfigurationIsVisible = 0;
			defaultConfigurationName = Release;
		};
		4C503DA72BA04C8500C3BA4D /* Build configuration list for PBXNativeTarget "crud" */ = {
			isa = XCConfigurationList;
			buildConfigurations = (
				4C503DA82BA04C8500C3BA4D /* Debug */,
				4C503DA92BA04C8500C3BA4D /* Release */,
			);
			defaultConfigurationIsVisible = 0;
			defaultConfigurationName = Release;
		};
/* End XCConfigurationList section */

/* Begin XCVersionGroup section */
		4C503D9C2BA04C7000C3BA4D /* crud.xcdatamodeld */ = {
			isa = XCVersionGroup;
			children = (
				4C503D9D2BA04C7000C3BA4D /* crud.xcdatamodel */,
			);
			currentVersion = 4C503D9D2BA04C7000C3BA4D /* crud.xcdatamodel */;
			path = crud.xcdatamodeld;
			sourceTree = "<group>";
			versionGroupType = wrapper.xcdatamodel;
		};
/* End XCVersionGroup section */
	};
	rootObject = 4C503D882BA04C7000C3BA4D /* Project object */;
}
